
Microsoft Visual Studio Solution File, Format Version 12.00
# Visual Studio Version 16
VisualStudioVersion = 16.0.29613.14
MinimumVisualStudioVersion = 10.0.40219.1
Project("{FAE04EC0-301F-11D3-BF4B-00C04F79EFBC}") = "Web", "Web\Web.csproj", "{66AFFE58-7859-4B2B-9473-86037B7D5F36}"
EndProject
Project("{FAE04EC0-301F-11D3-BF4B-00C04F79EFBC}") = "Logger", "Logger\Logger.csproj", "{7A407705-6E4E-4106-8A51-6A4E974A6D89}"
EndProject
Global
	GlobalSection(SolutionConfigurationPlatforms) = preSolution
		Debug|Any CPU = Debug|Any CPU
		Release|Any CPU = Release|Any CPU
	EndGlobalSection
	GlobalSection(ProjectConfigurationPlatforms) = postSolution
		{66AFFE58-7859-4B2B-9473-86037B7D5F36}.Debug|Any CPU.ActiveCfg = Debug|Any CPU
		{66AFFE58-7859-4B2B-9473-86037B7D5F36}.Debug|Any CPU.Build.0 = Debug|Any CPU
		{66AFFE58-7859-4B2B-9473-86037B7D5F36}.Release|Any CPU.ActiveCfg = Release|Any CPU
		{66AFFE58-7859-4B2B-9473-86037B7D5F36}.Release|Any CPU.Build.0 = Release|Any CPU
		{7A407705-6E4E-4106-8A51-6A4E974A6D89}.Debug|Any CPU.ActiveCfg = Debug|Any CPU
		{7A407705-6E4E-4106-8A51-6A4E974A6D89}.Debug|Any CPU.Build.0 = Debug|Any CPU
		{7A407705-6E4E-4106-8A51-6A4E974A6D89}.Release|Any CPU.ActiveCfg = Release|Any CPU
		{7A407705-6E4E-4106-8A51-6A4E974A6D89}.Release|Any CPU.Build.0 = Release|Any CPU
	EndGlobalSection
	GlobalSection(SolutionProperties) = preSolution
		HideSolutionNode = FALSE
	EndGlobalSection
	GlobalSection(ExtensibilityGlobals) = postSolution
		SolutionGuid = {14BDCDE0-B0BB-4CF5-A07C-48216A4C21F5}
	EndGlobalSection
EndGlobal
